
Microsoft Visual Studio Solution File, Format Version 12.00
# Visual Studio Version 17
VisualStudioVersion = 17.5.33627.172
MinimumVisualStudioVersion = 10.0.40219.1
Project("{2150E333-8FDC-42A3-9474-1A3956D46DE8}") = "Solution Items", "Solution Items", "{A9D3B741-C70D-4CEB-ADA3-71E21B7762EC}"
	ProjectSection(SolutionItems) = preProject
		Solution_Items.txt = Solution_Items.txt
	EndProjectSection
EndProject
Project("{2150E333-8FDC-42A3-9474-1A3956D46DE8}") = "src", "src", "{36493266-659D-4AB7-BD49-7AB79F20F3FE}"
EndProject
Project("{2150E333-8FDC-42A3-9474-1A3956D46DE8}") = "Services", "Services", "{8D6437FA-B2C5-4DFB-B813-737B5FAC70B0}"
EndProject
Project("{2150E333-8FDC-42A3-9474-1A3956D46DE8}") = "CatalogService", "CatalogService", "{7C934765-42E3-426D-9D44-FDA5BA4F143C}"
EndProject
Project("{9A19103F-16F7-4668-BE54-9A1E7A4F7556}") = "CatalogService.API", "src\services\CatalogService\CatalogService.API\CatalogService.API.csproj", "{9CC778F3-FE93-4D54-861D-A47F701F349D}"
EndProject
Project("{2150E333-8FDC-42A3-9474-1A3956D46DE8}") = "Shared", "Shared", "{09B28F6A-7BB0-460B-B3D1-183C6563C5DF}"
EndProject
Project("{9A19103F-16F7-4668-BE54-9A1E7A4F7556}") = "ServicesShared", "src\shared\ServicesShared\ServicesShared.csproj", "{7B9877D8-2438-4DC4-B34C-31427B99E881}"
EndProject
Project("{2150E333-8FDC-42A3-9474-1A3956D46DE8}") = "IdentityService", "IdentityService", "{1A7FBF93-5DF3-4AEC-A283-EAE2A6A4C862}"
EndProject
Project("{9A19103F-16F7-4668-BE54-9A1E7A4F7556}") = "IdentityServerService.API", "src\services\IdentityService\IdentityServerService.API\IdentityServerService.API.csproj", "{B94BC049-B7A9-4A83-8F22-D8AA2D0616BE}"
EndProject
Project("{2150E333-8FDC-42A3-9474-1A3956D46DE8}") = "PhotoStockService", "PhotoStockService", "{7B46B32B-F049-4527-B0AC-A5A857A773F2}"
EndProject
Project("{9A19103F-16F7-4668-BE54-9A1E7A4F7556}") = "PhotoStockService.API", "src\services\PhotoStockService\PhotoStockService.API\PhotoStockService.API.csproj", "{FBA90488-C125-47E2-AAC3-4E364B48ADB7}"
EndProject
Project("{2150E333-8FDC-42A3-9474-1A3956D46DE8}") = "BasketService", "BasketService", "{961D0A33-36CC-4B8E-85DB-5B468D6ECBAD}"
EndProject
Project("{9A19103F-16F7-4668-BE54-9A1E7A4F7556}") = "BasketService.API", "src\services\BasketService\BasketService.API\BasketService.API.csproj", "{6E20218A-AA73-4510-A8EC-217C26C054C9}"
EndProject
Project("{2150E333-8FDC-42A3-9474-1A3956D46DE8}") = "DiscountService", "DiscountService", "{BFBBC920-2905-4804-A06C-D5B5977003B9}"
EndProject
Project("{9A19103F-16F7-4668-BE54-9A1E7A4F7556}") = "DiscountService.API", "src\services\DiscountService\DiscountService.API\DiscountService.API.csproj", "{54E70B96-12EA-4F6C-9CB8-4CD0DF85B373}"
EndProject
Project("{2150E333-8FDC-42A3-9474-1A3956D46DE8}") = "OrderService", "OrderService", "{A66CA428-1E8F-4102-8F85-ADEE14DE374D}"
EndProject
Project("{9A19103F-16F7-4668-BE54-9A1E7A4F7556}") = "OrderService.Domain.Core", "src\services\OrderService\OrderService.Domain.Core\OrderService.Domain.Core.csproj", "{67AD4ED7-F831-452E-86AD-C517E8695555}"
EndProject
Project("{9A19103F-16F7-4668-BE54-9A1E7A4F7556}") = "OrderService.Domain", "src\services\OrderService\OrderService.Domain\OrderService.Domain.csproj", "{5E993AA9-3C24-4443-983F-BFE5B2F9D4AF}"
EndProject
Project("{9A19103F-16F7-4668-BE54-9A1E7A4F7556}") = "OrderService.Infrastructure", "src\services\OrderService\OrderService.Infrastructure\OrderService.Infrastructure.csproj", "{DEE93FE1-227A-466E-8C30-4FB0FCA4A432}"
EndProject
Project("{9A19103F-16F7-4668-BE54-9A1E7A4F7556}") = "OrderService.API", "src\services\OrderService\OrderService.API\OrderService.API.csproj", "{CB82EB95-928E-4B34-9893-6ED89DA68E20}"
EndProject
Project("{9A19103F-16F7-4668-BE54-9A1E7A4F7556}") = "OrderService.Application", "src\services\OrderService\OrderService.Application\OrderService.Application.csproj", "{9F77ACB4-2C2D-479B-96C3-E3964412E896}"
EndProject
Project("{2150E333-8FDC-42A3-9474-1A3956D46DE8}") = "PaymentService", "PaymentService", "{4FB1A983-0D80-4F0F-B88D-D3A1CA12A364}"
EndProject
Project("{FAE04EC0-301F-11D3-BF4B-00C04F79EFBC}") = "PaymentService.API", "src\services\PaymentService\PaymentService.API\PaymentService.API.csproj", "{EC77B640-5996-4B76-87CB-DA8972F423FC}"
EndProject
Project("{2150E333-8FDC-42A3-9474-1A3956D46DE8}") = "Gateways", "Gateways", "{FB379C43-4741-4BA4-BC25-955D90812222}"
EndProject
Project("{FAE04EC0-301F-11D3-BF4B-00C04F79EFBC}") = "Gateway.API", "src\Gateways\Gateway.API\Gateway.API.csproj", "{05BB217B-B947-4A63-9603-2D9F445B0FAF}"
EndProject
Project("{2150E333-8FDC-42A3-9474-1A3956D46DE8}") = "Clients", "Clients", "{4F56621B-7ADF-4BD6-8482-28421A3399D4}"
EndProject
Project("{FAE04EC0-301F-11D3-BF4B-00C04F79EFBC}") = "ClientForWeb", "src\Clients\ClientForWeb\ClientForWeb.csproj", "{9476C105-A482-4AE7-B221-90088AB4D99C}"
EndProject
Global
	GlobalSection(SolutionConfigurationPlatforms) = preSolution
		Debug|Any CPU = Debug|Any CPU
		Release|Any CPU = Release|Any CPU
	EndGlobalSection
	GlobalSection(ProjectConfigurationPlatforms) = postSolution
		{9CC778F3-FE93-4D54-861D-A47F701F349D}.Debug|Any CPU.ActiveCfg = Debug|Any CPU
		{9CC778F3-FE93-4D54-861D-A47F701F349D}.Debug|Any CPU.Build.0 = Debug|Any CPU
		{9CC778F3-FE93-4D54-861D-A47F701F349D}.Release|Any CPU.ActiveCfg = Release|Any CPU
		{9CC778F3-FE93-4D54-861D-A47F701F349D}.Release|Any CPU.Build.0 = Release|Any CPU
		{7B9877D8-2438-4DC4-B34C-31427B99E881}.Debug|Any CPU.ActiveCfg = Debug|Any CPU
		{7B9877D8-2438-4DC4-B34C-31427B99E881}.Debug|Any CPU.Build.0 = Debug|Any CPU
		{7B9877D8-2438-4DC4-B34C-31427B99E881}.Release|Any CPU.ActiveCfg = Release|Any CPU
		{7B9877D8-2438-4DC4-B34C-31427B99E881}.Release|Any CPU.Build.0 = Release|Any CPU
		{B94BC049-B7A9-4A83-8F22-D8AA2D0616BE}.Debug|Any CPU.ActiveCfg = Debug|Any CPU
		{B94BC049-B7A9-4A83-8F22-D8AA2D0616BE}.Debug|Any CPU.Build.0 = Debug|Any CPU
		{B94BC049-B7A9-4A83-8F22-D8AA2D0616BE}.Release|Any CPU.ActiveCfg = Release|Any CPU
		{B94BC049-B7A9-4A83-8F22-D8AA2D0616BE}.Release|Any CPU.Build.0 = Release|Any CPU
		{FBA90488-C125-47E2-AAC3-4E364B48ADB7}.Debug|Any CPU.ActiveCfg = Debug|Any CPU
		{FBA90488-C125-47E2-AAC3-4E364B48ADB7}.Debug|Any CPU.Build.0 = Debug|Any CPU
		{FBA90488-C125-47E2-AAC3-4E364B48ADB7}.Release|Any CPU.ActiveCfg = Release|Any CPU
		{FBA90488-C125-47E2-AAC3-4E364B48ADB7}.Release|Any CPU.Build.0 = Release|Any CPU
		{6E20218A-AA73-4510-A8EC-217C26C054C9}.Debug|Any CPU.ActiveCfg = Debug|Any CPU
		{6E20218A-AA73-4510-A8EC-217C26C054C9}.Debug|Any CPU.Build.0 = Debug|Any CPU
		{6E20218A-AA73-4510-A8EC-217C26C054C9}.Release|Any CPU.ActiveCfg = Release|Any CPU
		{6E20218A-AA73-4510-A8EC-217C26C054C9}.Release|Any CPU.Build.0 = Release|Any CPU
		{54E70B96-12EA-4F6C-9CB8-4CD0DF85B373}.Debug|Any CPU.ActiveCfg = Debug|Any CPU
		{54E70B96-12EA-4F6C-9CB8-4CD0DF85B373}.Debug|Any CPU.Build.0 = Debug|Any CPU
		{54E70B96-12EA-4F6C-9CB8-4CD0DF85B373}.Release|Any CPU.ActiveCfg = Release|Any CPU
		{54E70B96-12EA-4F6C-9CB8-4CD0DF85B373}.Release|Any CPU.Build.0 = Release|Any CPU
		{67AD4ED7-F831-452E-86AD-C517E8695555}.Debug|Any CPU.ActiveCfg = Debug|Any CPU
		{67AD4ED7-F831-452E-86AD-C517E8695555}.Debug|Any CPU.Build.0 = Debug|Any CPU
		{67AD4ED7-F831-452E-86AD-C517E8695555}.Release|Any CPU.ActiveCfg = Release|Any CPU
		{67AD4ED7-F831-452E-86AD-C517E8695555}.Release|Any CPU.Build.0 = Release|Any CPU
		{5E993AA9-3C24-4443-983F-BFE5B2F9D4AF}.Debug|Any CPU.ActiveCfg = Debug|Any CPU
		{5E993AA9-3C24-4443-983F-BFE5B2F9D4AF}.Debug|Any CPU.Build.0 = Debug|Any CPU
		{5E993AA9-3C24-4443-983F-BFE5B2F9D4AF}.Release|Any CPU.ActiveCfg = Release|Any CPU
		{5E993AA9-3C24-4443-983F-BFE5B2F9D4AF}.Release|Any CPU.Build.0 = Release|Any CPU
		{DEE93FE1-227A-466E-8C30-4FB0FCA4A432}.Debug|Any CPU.ActiveCfg = Debug|Any CPU
		{DEE93FE1-227A-466E-8C30-4FB0FCA4A432}.Debug|Any CPU.Build.0 = Debug|Any CPU
		{DEE93FE1-227A-466E-8C30-4FB0FCA4A432}.Release|Any CPU.ActiveCfg = Release|Any CPU
		{DEE93FE1-227A-466E-8C30-4FB0FCA4A432}.Release|Any CPU.Build.0 = Release|Any CPU
		{CB82EB95-928E-4B34-9893-6ED89DA68E20}.Debug|Any CPU.ActiveCfg = Debug|Any CPU
		{CB82EB95-928E-4B34-9893-6ED89DA68E20}.Debug|Any CPU.Build.0 = Debug|Any CPU
		{CB82EB95-928E-4B34-9893-6ED89DA68E20}.Release|Any CPU.ActiveCfg = Release|Any CPU
		{CB82EB95-928E-4B34-9893-6ED89DA68E20}.Release|Any CPU.Build.0 = Release|Any CPU
		{9F77ACB4-2C2D-479B-96C3-E3964412E896}.Debug|Any CPU.ActiveCfg = Debug|Any CPU
		{9F77ACB4-2C2D-479B-96C3-E3964412E896}.Debug|Any CPU.Build.0 = Debug|Any CPU
		{9F77ACB4-2C2D-479B-96C3-E3964412E896}.Release|Any CPU.ActiveCfg = Release|Any CPU
		{9F77ACB4-2C2D-479B-96C3-E3964412E896}.Release|Any CPU.Build.0 = Release|Any CPU
		{EC77B640-5996-4B76-87CB-DA8972F423FC}.Debug|Any CPU.ActiveCfg = Debug|Any CPU
		{EC77B640-5996-4B76-87CB-DA8972F423FC}.Debug|Any CPU.Build.0 = Debug|Any CPU
		{EC77B640-5996-4B76-87CB-DA8972F423FC}.Release|Any CPU.ActiveCfg = Release|Any CPU
		{EC77B640-5996-4B76-87CB-DA8972F423FC}.Release|Any CPU.Build.0 = Release|Any CPU
		{05BB217B-B947-4A63-9603-2D9F445B0FAF}.Debug|Any CPU.ActiveCfg = Debug|Any CPU
		{05BB217B-B947-4A63-9603-2D9F445B0FAF}.Debug|Any CPU.Build.0 = Debug|Any CPU
		{05BB217B-B947-4A63-9603-2D9F445B0FAF}.Release|Any CPU.ActiveCfg = Release|Any CPU
		{05BB217B-B947-4A63-9603-2D9F445B0FAF}.Release|Any CPU.Build.0 = Release|Any CPU
		{9476C105-A482-4AE7-B221-90088AB4D99C}.Debug|Any CPU.ActiveCfg = Debug|Any CPU
		{9476C105-A482-4AE7-B221-90088AB4D99C}.Debug|Any CPU.Build.0 = Debug|Any CPU
		{9476C105-A482-4AE7-B221-90088AB4D99C}.Release|Any CPU.ActiveCfg = Release|Any CPU
		{9476C105-A482-4AE7-B221-90088AB4D99C}.Release|Any CPU.Build.0 = Release|Any CPU
	EndGlobalSection
	GlobalSection(SolutionProperties) = preSolution
		HideSolutionNode = FALSE
	EndGlobalSection
	GlobalSection(NestedProjects) = preSolution
		{8D6437FA-B2C5-4DFB-B813-737B5FAC70B0} = {36493266-659D-4AB7-BD49-7AB79F20F3FE}
		{7C934765-42E3-426D-9D44-FDA5BA4F143C} = {8D6437FA-B2C5-4DFB-B813-737B5FAC70B0}
		{9CC778F3-FE93-4D54-861D-A47F701F349D} = {7C934765-42E3-426D-9D44-FDA5BA4F143C}
		{09B28F6A-7BB0-460B-B3D1-183C6563C5DF} = {36493266-659D-4AB7-BD49-7AB79F20F3FE}
		{7B9877D8-2438-4DC4-B34C-31427B99E881} = {09B28F6A-7BB0-460B-B3D1-183C6563C5DF}
		{1A7FBF93-5DF3-4AEC-A283-EAE2A6A4C862} = {8D6437FA-B2C5-4DFB-B813-737B5FAC70B0}
		{B94BC049-B7A9-4A83-8F22-D8AA2D0616BE} = {1A7FBF93-5DF3-4AEC-A283-EAE2A6A4C862}
		{7B46B32B-F049-4527-B0AC-A5A857A773F2} = {8D6437FA-B2C5-4DFB-B813-737B5FAC70B0}
		{FBA90488-C125-47E2-AAC3-4E364B48ADB7} = {7B46B32B-F049-4527-B0AC-A5A857A773F2}
		{961D0A33-36CC-4B8E-85DB-5B468D6ECBAD} = {8D6437FA-B2C5-4DFB-B813-737B5FAC70B0}
		{6E20218A-AA73-4510-A8EC-217C26C054C9} = {961D0A33-36CC-4B8E-85DB-5B468D6ECBAD}
		{BFBBC920-2905-4804-A06C-D5B5977003B9} = {8D6437FA-B2C5-4DFB-B813-737B5FAC70B0}
		{54E70B96-12EA-4F6C-9CB8-4CD0DF85B373} = {BFBBC920-2905-4804-A06C-D5B5977003B9}
		{A66CA428-1E8F-4102-8F85-ADEE14DE374D} = {8D6437FA-B2C5-4DFB-B813-737B5FAC70B0}
		{67AD4ED7-F831-452E-86AD-C517E8695555} = {A66CA428-1E8F-4102-8F85-ADEE14DE374D}
		{5E993AA9-3C24-4443-983F-BFE5B2F9D4AF} = {A66CA428-1E8F-4102-8F85-ADEE14DE374D}
		{DEE93FE1-227A-466E-8C30-4FB0FCA4A432} = {A66CA428-1E8F-4102-8F85-ADEE14DE374D}
		{CB82EB95-928E-4B34-9893-6ED89DA68E20} = {A66CA428-1E8F-4102-8F85-ADEE14DE374D}
		{9F77ACB4-2C2D-479B-96C3-E3964412E896} = {A66CA428-1E8F-4102-8F85-ADEE14DE374D}
		{4FB1A983-0D80-4F0F-B88D-D3A1CA12A364} = {8D6437FA-B2C5-4DFB-B813-737B5FAC70B0}
		{EC77B640-5996-4B76-87CB-DA8972F423FC} = {4FB1A983-0D80-4F0F-B88D-D3A1CA12A364}
		{FB379C43-4741-4BA4-BC25-955D90812222} = {36493266-659D-4AB7-BD49-7AB79F20F3FE}
		{05BB217B-B947-4A63-9603-2D9F445B0FAF} = {FB379C43-4741-4BA4-BC25-955D90812222}
		{4F56621B-7ADF-4BD6-8482-28421A3399D4} = {36493266-659D-4AB7-BD49-7AB79F20F3FE}
		{9476C105-A482-4AE7-B221-90088AB4D99C} = {4F56621B-7ADF-4BD6-8482-28421A3399D4}
	EndGlobalSection
	GlobalSection(ExtensibilityGlobals) = postSolution
		SolutionGuid = {3D35D005-79C5-4D6F-AE5E-D9D6FF84082D}
	EndGlobalSection
EndGlobal
